
Microsoft Visual Studio Solution File, Format Version 12.00
# Visual Studio Version 16
VisualStudioVersion = 16.0.30523.141
MinimumVisualStudioVersion = 10.0.40219.1
Project("{FAE04EC0-301F-11D3-BF4B-00C04F79EFBC}") = "Demo.UWP", "Demo\Demo.UWP\Demo.UWP.csproj", "{86624908-1DD6-400C-B34D-9BDBBD27B510}"
EndProject
Project("{FAE04EC0-301F-11D3-BF4B-00C04F79EFBC}") = "Demo.Android", "Demo\Demo.Android\Demo.Android.csproj", "{70B683FB-DEAC-4CE2-82D4-5C1828BC2CF9}"
EndProject
Project("{FAE04EC0-301F-11D3-BF4B-00C04F79EFBC}") = "Demo.iOS", "Demo\Demo.iOS\Demo.iOS.csproj", "{F788CCCE-F6E6-4154-AB00-7EF48FD16C55}"
EndProject
Project("{FAE04EC0-301F-11D3-BF4B-00C04F79EFBC}") = "Demo", "Demo\Demo\Demo.csproj", "{2CD767E0-30B6-4754-96F7-59FDD414B431}"
EndProject
Global
	GlobalSection(SolutionConfigurationPlatforms) = preSolution
		Debug|Any CPU = Debug|Any CPU
		Debug|ARM = Debug|ARM
		Debug|iPhone = Debug|iPhone
		Debug|iPhoneSimulator = Debug|iPhoneSimulator
		Debug|x64 = Debug|x64
		Debug|x86 = Debug|x86
		Release|Any CPU = Release|Any CPU
		Release|ARM = Release|ARM
		Release|iPhone = Release|iPhone
		Release|iPhoneSimulator = Release|iPhoneSimulator
		Release|x64 = Release|x64
		Release|x86 = Release|x86
	EndGlobalSection
	GlobalSection(ProjectConfigurationPlatforms) = postSolution
		{86624908-1DD6-400C-B34D-9BDBBD27B510}.Debug|Any CPU.ActiveCfg = Debug|x86
		{86624908-1DD6-400C-B34D-9BDBBD27B510}.Debug|Any CPU.Build.0 = Debug|x86
		{86624908-1DD6-400C-B34D-9BDBBD27B510}.Debug|Any CPU.Deploy.0 = Debug|x86
		{86624908-1DD6-400C-B34D-9BDBBD27B510}.Debug|ARM.ActiveCfg = Debug|ARM
		{86624908-1DD6-400C-B34D-9BDBBD27B510}.Debug|ARM.Build.0 = Debug|ARM
		{86624908-1DD6-400C-B34D-9BDBBD27B510}.Debug|ARM.Deploy.0 = Debug|ARM
		{86624908-1DD6-400C-B34D-9BDBBD27B510}.Debug|iPhone.ActiveCfg = Debug|x86
		{86624908-1DD6-400C-B34D-9BDBBD27B510}.Debug|iPhone.Build.0 = Debug|x86
		{86624908-1DD6-400C-B34D-9BDBBD27B510}.Debug|iPhone.Deploy.0 = Debug|x86
		{86624908-1DD6-400C-B34D-9BDBBD27B510}.Debug|iPhoneSimulator.ActiveCfg = Debug|x86
		{86624908-1DD6-400C-B34D-9BDBBD27B510}.Debug|iPhoneSimulator.Build.0 = Debug|x86
		{86624908-1DD6-400C-B34D-9BDBBD27B510}.Debug|iPhoneSimulator.Deploy.0 = Debug|x86
		{86624908-1DD6-400C-B34D-9BDBBD27B510}.Debug|x64.ActiveCfg = Debug|x64
		{86624908-1DD6-400C-B34D-9BDBBD27B510}.Debug|x64.Build.0 = Debug|x64
		{86624908-1DD6-400C-B34D-9BDBBD27B510}.Debug|x64.Deploy.0 = Debug|x64
		{86624908-1DD6-400C-B34D-9BDBBD27B510}.Debug|x86.ActiveCfg = Debug|x86
		{86624908-1DD6-400C-B34D-9BDBBD27B510}.Debug|x86.Build.0 = Debug|x86
		{86624908-1DD6-400C-B34D-9BDBBD27B510}.Debug|x86.Deploy.0 = Debug|x86
		{86624908-1DD6-400C-B34D-9BDBBD27B510}.Release|Any CPU.ActiveCfg = Release|x86
		{86624908-1DD6-400C-B34D-9BDBBD27B510}.Release|Any CPU.Build.0 = Release|x86
		{86624908-1DD6-400C-B34D-9BDBBD27B510}.Release|Any CPU.Deploy.0 = Release|x86
		{86624908-1DD6-400C-B34D-9BDBBD27B510}.Release|ARM.ActiveCfg = Release|ARM
		{86624908-1DD6-400C-B34D-9BDBBD27B510}.Release|ARM.Build.0 = Release|ARM
		{86624908-1DD6-400C-B34D-9BDBBD27B510}.Release|ARM.Deploy.0 = Release|ARM
		{86624908-1DD6-400C-B34D-9BDBBD27B510}.Release|iPhone.ActiveCfg = Release|x86
		{86624908-1DD6-400C-B34D-9BDBBD27B510}.Release|iPhone.Build.0 = Release|x86
		{86624908-1DD6-400C-B34D-9BDBBD27B510}.Release|iPhone.Deploy.0 = Release|x86
		{86624908-1DD6-400C-B34D-9BDBBD27B510}.Release|iPhoneSimulator.ActiveCfg = Release|x86
		{86624908-1DD6-400C-B34D-9BDBBD27B510}.Release|iPhoneSimulator.Build.0 = Release|x86
		{86624908-1DD6-400C-B34D-9BDBBD27B510}.Release|iPhoneSimulator.Deploy.0 = Release|x86
		{86624908-1DD6-400C-B34D-9BDBBD27B510}.Release|x64.ActiveCfg = Release|x64
		{86624908-1DD6-400C-B34D-9BDBBD27B510}.Release|x64.Build.0 = Release|x64
		{86624908-1DD6-400C-B34D-9BDBBD27B510}.Release|x64.Deploy.0 = Release|x64
		{86624908-1DD6-400C-B34D-9BDBBD27B510}.Release|x86.ActiveCfg = Release|x86
		{86624908-1DD6-400C-B34D-9BDBBD27B510}.Release|x86.Build.0 = Release|x86
		{86624908-1DD6-400C-B34D-9BDBBD27B510}.Release|x86.Deploy.0 = Release|x86
		{70B683FB-DEAC-4CE2-82D4-5C1828BC2CF9}.Debug|Any CPU.ActiveCfg = Debug|Any CPU
		{70B683FB-DEAC-4CE2-82D4-5C1828BC2CF9}.Debug|Any CPU.Build.0 = Debug|Any CPU
		{70B683FB-DEAC-4CE2-82D4-5C1828BC2CF9}.Debug|Any CPU.Deploy.0 = Debug|Any CPU
		{70B683FB-DEAC-4CE2-82D4-5C1828BC2CF9}.Debug|ARM.ActiveCfg = Debug|Any CPU
		{70B683FB-DEAC-4CE2-82D4-5C1828BC2CF9}.Debug|ARM.Build.0 = Debug|Any CPU
		{70B683FB-DEAC-4CE2-82D4-5C1828BC2CF9}.Debug|ARM.Deploy.0 = Debug|Any CPU
		{70B683FB-DEAC-4CE2-82D4-5C1828BC2CF9}.Debug|iPhone.ActiveCfg = Debug|Any CPU
		{70B683FB-DEAC-4CE2-82D4-5C1828BC2CF9}.Debug|iPhone.Build.0 = Debug|Any CPU
		{70B683FB-DEAC-4CE2-82D4-5C1828BC2CF9}.Debug|iPhone.Deploy.0 = Debug|Any CPU
		{70B683FB-DEAC-4CE2-82D4-5C1828BC2CF9}.Debug|iPhoneSimulator.ActiveCfg = Debug|Any CPU
		{70B683FB-DEAC-4CE2-82D4-5C1828BC2CF9}.Debug|iPhoneSimulator.Build.0 = Debug|Any CPU
		{70B683FB-DEAC-4CE2-82D4-5C1828BC2CF9}.Debug|iPhoneSimulator.Deploy.0 = Debug|Any CPU
		{70B683FB-DEAC-4CE2-82D4-5C1828BC2CF9}.Debug|x64.ActiveCfg = Debug|Any CPU
		{70B683FB-DEAC-4CE2-82D4-5C1828BC2CF9}.Debug|x64.Build.0 = Debug|Any CPU
		{70B683FB-DEAC-4CE2-82D4-5C1828BC2CF9}.Debug|x64.Deploy.0 = Debug|Any CPU
		{70B683FB-DEAC-4CE2-82D4-5C1828BC2CF9}.Debug|x86.ActiveCfg = Debug|Any CPU
		{70B683FB-DEAC-4CE2-82D4-5C1828BC2CF9}.Debug|x86.Build.0 = Debug|Any CPU
		{70B683FB-DEAC-4CE2-82D4-5C1828BC2CF9}.Debug|x86.Deploy.0 = Debug|Any CPU
		{70B683FB-DEAC-4CE2-82D4-5C1828BC2CF9}.Release|Any CPU.ActiveCfg = Release|Any CPU
		{70B683FB-DEAC-4CE2-82D4-5C1828BC2CF9}.Release|Any CPU.Build.0 = Release|Any CPU
		{70B683FB-DEAC-4CE2-82D4-5C1828BC2CF9}.Release|Any CPU.Deploy.0 = Release|Any CPU
		{70B683FB-DEAC-4CE2-82D4-5C1828BC2CF9}.Release|ARM.ActiveCfg = Release|Any CPU
		{70B683FB-DEAC-4CE2-82D4-5C1828BC2CF9}.Release|ARM.Build.0 = Release|Any CPU
		{70B683FB-DEAC-4CE2-82D4-5C1828BC2CF9}.Release|ARM.Deploy.0 = Release|Any CPU
		{70B683FB-DEAC-4CE2-82D4-5C1828BC2CF9}.Release|iPhone.ActiveCfg = Release|Any CPU
		{70B683FB-DEAC-4CE2-82D4-5C1828BC2CF9}.Release|iPhone.Build.0 = Release|Any CPU
		{70B683FB-DEAC-4CE2-82D4-5C1828BC2CF9}.Release|iPhone.Deploy.0 = Release|Any CPU
		{70B683FB-DEAC-4CE2-82D4-5C1828BC2CF9}.Release|iPhoneSimulator.ActiveCfg = Release|Any CPU
		{70B683FB-DEAC-4CE2-82D4-5C1828BC2CF9}.Release|iPhoneSimulator.Build.0 = Release|Any CPU
		{70B683FB-DEAC-4CE2-82D4-5C1828BC2CF9}.Release|iPhoneSimulator.Deploy.0 = Release|Any CPU
		{70B683FB-DEAC-4CE2-82D4-5C1828BC2CF9}.Release|x64.ActiveCfg = Release|Any CPU
		{70B683FB-DEAC-4CE2-82D4-5C1828BC2CF9}.Release|x64.Build.0 = Release|Any CPU
		{70B683FB-DEAC-4CE2-82D4-5C1828BC2CF9}.Release|x64.Deploy.0 = Release|Any CPU
		{70B683FB-DEAC-4CE2-82D4-5C1828BC2CF9}.Release|x86.ActiveCfg = Release|Any CPU
		{70B683FB-DEAC-4CE2-82D4-5C1828BC2CF9}.Release|x86.Build.0 = Release|Any CPU
		{70B683FB-DEAC-4CE2-82D4-5C1828BC2CF9}.Release|x86.Deploy.0 = Release|Any CPU
		{F788CCCE-F6E6-4154-AB00-7EF48FD16C55}.Debug|Any CPU.ActiveCfg = Debug|iPhoneSimulator
		{F788CCCE-F6E6-4154-AB00-7EF48FD16C55}.Debug|Any CPU.Build.0 = Debug|iPhoneSimulator
		{F788CCCE-F6E6-4154-AB00-7EF48FD16C55}.Debug|Any CPU.Deploy.0 = Debug|iPhoneSimulator
		{F788CCCE-F6E6-4154-AB00-7EF48FD16C55}.Debug|ARM.ActiveCfg = Debug|iPhone
		{F788CCCE-F6E6-4154-AB00-7EF48FD16C55}.Debug|ARM.Build.0 = Debug|iPhone
		{F788CCCE-F6E6-4154-AB00-7EF48FD16C55}.Debug|ARM.Deploy.0 = Debug|iPhone
		{F788CCCE-F6E6-4154-AB00-7EF48FD16C55}.Debug|iPhone.ActiveCfg = Debug|iPhone
		{F788CCCE-F6E6-4154-AB00-7EF48FD16C55}.Debug|iPhone.Build.0 = Debug|iPhone
		{F788CCCE-F6E6-4154-AB00-7EF48FD16C55}.Debug|iPhone.Deploy.0 = Debug|iPhone
		{F788CCCE-F6E6-4154-AB00-7EF48FD16C55}.Debug|iPhoneSimulator.ActiveCfg = Debug|iPhoneSimulator
		{F788CCCE-F6E6-4154-AB00-7EF48FD16C55}.Debug|iPhoneSimulator.Build.0 = Debug|iPhoneSimulator
		{F788CCCE-F6E6-4154-AB00-7EF48FD16C55}.Debug|iPhoneSimulator.Deploy.0 = Debug|iPhoneSimulator
		{F788CCCE-F6E6-4154-AB00-7EF48FD16C55}.Debug|x64.ActiveCfg = Debug|iPhoneSimulator
		{F788CCCE-F6E6-4154-AB00-7EF48FD16C55}.Debug|x64.Build.0 = Debug|iPhoneSimulator
		{F788CCCE-F6E6-4154-AB00-7EF48FD16C55}.Debug|x64.Deploy.0 = Debug|iPhoneSimulator
		{F788CCCE-F6E6-4154-AB00-7EF48FD16C55}.Debug|x86.ActiveCfg = Debug|iPhoneSimulator
		{F788CCCE-F6E6-4154-AB00-7EF48FD16C55}.Debug|x86.Build.0 = Debug|iPhoneSimulator
		{F788CCCE-F6E6-4154-AB00-7EF48FD16C55}.Debug|x86.Deploy.0 = Debug|iPhoneSimulator
		{F788CCCE-F6E6-4154-AB00-7EF48FD16C55}.Release|Any CPU.ActiveCfg = Release|iPhoneSimulator
		{F788CCCE-F6E6-4154-AB00-7EF48FD16C55}.Release|Any CPU.Build.0 = Release|iPhoneSimulator
		{F788CCCE-F6E6-4154-AB00-7EF48FD16C55}.Release|Any CPU.Deploy.0 = Release|iPhoneSimulator
		{F788CCCE-F6E6-4154-AB00-7EF48FD16C55}.Release|ARM.ActiveCfg = Release|iPhoneSimulator
		{F788CCCE-F6E6-4154-AB00-7EF48FD16C55}.Release|ARM.Build.0 = Release|iPhoneSimulator
		{F788CCCE-F6E6-4154-AB00-7EF48FD16C55}.Release|ARM.Deploy.0 = Release|iPhoneSimulator
		{F788CCCE-F6E6-4154-AB00-7EF48FD16C55}.Release|iPhone.ActiveCfg = Release|iPhone
		{F788CCCE-F6E6-4154-AB00-7EF48FD16C55}.Release|iPhone.Build.0 = Release|iPhone
		{F788CCCE-F6E6-4154-AB00-7EF48FD16C55}.Release|iPhone.Deploy.0 = Release|iPhone
		{F788CCCE-F6E6-4154-AB00-7EF48FD16C55}.Release|iPhoneSimulator.ActiveCfg = Release|iPhoneSimulator
		{F788CCCE-F6E6-4154-AB00-7EF48FD16C55}.Release|iPhoneSimulator.Build.0 = Release|iPhoneSimulator
		{F788CCCE-F6E6-4154-AB00-7EF48FD16C55}.Release|iPhoneSimulator.Deploy.0 = Release|iPhoneSimulator
		{F788CCCE-F6E6-4154-AB00-7EF48FD16C55}.Release|x64.ActiveCfg = Release|iPhoneSimulator
		{F788CCCE-F6E6-4154-AB00-7EF48FD16C55}.Release|x64.Build.0 = Release|iPhoneSimulator
		{F788CCCE-F6E6-4154-AB00-7EF48FD16C55}.Release|x64.Deploy.0 = Release|iPhoneSimulator
		{F788CCCE-F6E6-4154-AB00-7EF48FD16C55}.Release|x86.ActiveCfg = Release|iPhoneSimulator
		{F788CCCE-F6E6-4154-AB00-7EF48FD16C55}.Release|x86.Build.0 = Release|iPhoneSimulator
		{F788CCCE-F6E6-4154-AB00-7EF48FD16C55}.Release|x86.Deploy.0 = Release|iPhoneSimulator
		{2CD767E0-30B6-4754-96F7-59FDD414B431}.Debug|Any CPU.ActiveCfg = Debug|Any CPU
		{2CD767E0-30B6-4754-96F7-59FDD414B431}.Debug|Any CPU.Build.0 = Debug|Any CPU
		{2CD767E0-30B6-4754-96F7-59FDD414B431}.Debug|Any CPU.Deploy.0 = Debug|Any CPU
		{2CD767E0-30B6-4754-96F7-59FDD414B431}.Debug|ARM.ActiveCfg = Debug|Any CPU
		{2CD767E0-30B6-4754-96F7-59FDD414B431}.Debug|ARM.Build.0 = Debug|Any CPU
		{2CD767E0-30B6-4754-96F7-59FDD414B431}.Debug|ARM.Deploy.0 = Debug|Any CPU
		{2CD767E0-30B6-4754-96F7-59FDD414B431}.Debug|iPhone.ActiveCfg = Debug|Any CPU
		{2CD767E0-30B6-4754-96F7-59FDD414B431}.Debug|iPhone.Build.0 = Debug|Any CPU
		{2CD767E0-30B6-4754-96F7-59FDD414B431}.Debug|iPhone.Deploy.0 = Debug|Any CPU
		{2CD767E0-30B6-4754-96F7-59FDD414B431}.Debug|iPhoneSimulator.ActiveCfg = Debug|Any CPU
		{2CD767E0-30B6-4754-96F7-59FDD414B431}.Debug|iPhoneSimulator.Build.0 = Debug|Any CPU
		{2CD767E0-30B6-4754-96F7-59FDD414B431}.Debug|iPhoneSimulator.Deploy.0 = Debug|Any CPU
		{2CD767E0-30B6-4754-96F7-59FDD414B431}.Debug|x64.ActiveCfg = Debug|Any CPU
		{2CD767E0-30B6-4754-96F7-59FDD414B431}.Debug|x64.Build.0 = Debug|Any CPU
		{2CD767E0-30B6-4754-96F7-59FDD414B431}.Debug|x64.Deploy.0 = Debug|Any CPU
		{2CD767E0-30B6-4754-96F7-59FDD414B431}.Debug|x86.ActiveCfg = Debug|Any CPU
		{2CD767E0-30B6-4754-96F7-59FDD414B431}.Debug|x86.Build.0 = Debug|Any CPU
		{2CD767E0-30B6-4754-96F7-59FDD414B431}.Debug|x86.Deploy.0 = Debug|Any CPU
		{2CD767E0-30B6-4754-96F7-59FDD414B431}.Release|Any CPU.ActiveCfg = Release|Any CPU
		{2CD767E0-30B6-4754-96F7-59FDD414B431}.Release|Any CPU.Build.0 = Release|Any CPU
		{2CD767E0-30B6-4754-96F7-59FDD414B431}.Release|Any CPU.Deploy.0 = Release|Any CPU
		{2CD767E0-30B6-4754-96F7-59FDD414B431}.Release|ARM.ActiveCfg = Release|Any CPU
		{2CD767E0-30B6-4754-96F7-59FDD414B431}.Release|ARM.Build.0 = Release|Any CPU
		{2CD767E0-30B6-4754-96F7-59FDD414B431}.Release|ARM.Deploy.0 = Release|Any CPU
		{2CD767E0-30B6-4754-96F7-59FDD414B431}.Release|iPhone.ActiveCfg = Release|Any CPU
		{2CD767E0-30B6-4754-96F7-59FDD414B431}.Release|iPhone.Build.0 = Release|Any CPU
		{2CD767E0-30B6-4754-96F7-59FDD414B431}.Release|iPhone.Deploy.0 = Release|Any CPU
		{2CD767E0-30B6-4754-96F7-59FDD414B431}.Release|iPhoneSimulator.ActiveCfg = Release|Any CPU
		{2CD767E0-30B6-4754-96F7-59FDD414B431}.Release|iPhoneSimulator.Build.0 = Release|Any CPU
		{2CD767E0-30B6-4754-96F7-59FDD414B431}.Release|iPhoneSimulator.Deploy.0 = Release|Any CPU
		{2CD767E0-30B6-4754-96F7-59FDD414B431}.Release|x64.ActiveCfg = Release|Any CPU
		{2CD767E0-30B6-4754-96F7-59FDD414B431}.Release|x64.Build.0 = Release|Any CPU
		{2CD767E0-30B6-4754-96F7-59FDD414B431}.Release|x64.Deploy.0 = Release|Any CPU
		{2CD767E0-30B6-4754-96F7-59FDD414B431}.Release|x86.ActiveCfg = Release|Any CPU
		{2CD767E0-30B6-4754-96F7-59FDD414B431}.Release|x86.Build.0 = Release|Any CPU
		{2CD767E0-30B6-4754-96F7-59FDD414B431}.Release|x86.Deploy.0 = Release|Any CPU
	EndGlobalSection
	GlobalSection(SolutionProperties) = preSolution
		HideSolutionNode = FALSE
	EndGlobalSection
	GlobalSection(ExtensibilityGlobals) = postSolution
		SolutionGuid = {E4EAD0DF-12C4-4E61-971A-367B11215D8D}
	EndGlobalSection
EndGlobal
